
Microsoft Visual Studio Solution File, Format Version 12.00
# Visual Studio Version 17
VisualStudioVersion = 17.6.33815.320
MinimumVisualStudioVersion = 10.0.40219.1
Project("{9A19103F-16F7-4668-BE54-9A1E7A4F7556}") = "BookStore.App", "BookStore.App\BookStore.App.csproj", "{6212663C-4B83-43C9-8D0A-42EA8E6A1646}"
EndProject
Project("{9A19103F-16F7-4668-BE54-9A1E7A4F7556}") = "BookStore.EF", "BookStore.EF\BookStore.EF.csproj", "{E40D3CEB-15E6-430F-A12F-BC8E55450BB1}"
EndProject
Project("{FAE04EC0-301F-11D3-BF4B-00C04F79EFBC}") = "BookStore.Data", "BookStore.Data\BookStore.Data.csproj", "{5F6F5632-484C-4C26-8E51-C8E37FF9E236}"
EndProject
Global
	GlobalSection(SolutionConfigurationPlatforms) = preSolution
		Debug|Any CPU = Debug|Any CPU
		Release|Any CPU = Release|Any CPU
	EndGlobalSection
	GlobalSection(ProjectConfigurationPlatforms) = postSolution
		{6212663C-4B83-43C9-8D0A-42EA8E6A1646}.Debug|Any CPU.ActiveCfg = Debug|Any CPU
		{6212663C-4B83-43C9-8D0A-42EA8E6A1646}.Debug|Any CPU.Build.0 = Debug|Any CPU
		{6212663C-4B83-43C9-8D0A-42EA8E6A1646}.Release|Any CPU.ActiveCfg = Release|Any CPU
		{6212663C-4B83-43C9-8D0A-42EA8E6A1646}.Release|Any CPU.Build.0 = Release|Any CPU
		{E40D3CEB-15E6-430F-A12F-BC8E55450BB1}.Debug|Any CPU.ActiveCfg = Debug|Any CPU
		{E40D3CEB-15E6-430F-A12F-BC8E55450BB1}.Debug|Any CPU.Build.0 = Debug|Any CPU
		{E40D3CEB-15E6-430F-A12F-BC8E55450BB1}.Release|Any CPU.ActiveCfg = Release|Any CPU
		{E40D3CEB-15E6-430F-A12F-BC8E55450BB1}.Release|Any CPU.Build.0 = Release|Any CPU
		{5F6F5632-484C-4C26-8E51-C8E37FF9E236}.Debug|Any CPU.ActiveCfg = Debug|Any CPU
		{5F6F5632-484C-4C26-8E51-C8E37FF9E236}.Debug|Any CPU.Build.0 = Debug|Any CPU
		{5F6F5632-484C-4C26-8E51-C8E37FF9E236}.Release|Any CPU.ActiveCfg = Release|Any CPU
		{5F6F5632-484C-4C26-8E51-C8E37FF9E236}.Release|Any CPU.Build.0 = Release|Any CPU
	EndGlobalSection
	GlobalSection(SolutionProperties) = preSolution
		HideSolutionNode = FALSE
	EndGlobalSection
	GlobalSection(ExtensibilityGlobals) = postSolution
		SolutionGuid = {EB7D8F74-BFDA-4CC3-B93E-9C40CAF00161}
	EndGlobalSection
EndGlobal
